{
  "version": 4,
  "terraform_version": "1.1.5",
  "serial": 38,
  "lineage": "3de669bd-6aaf-4321-0a0e-141bf4aed0a2",
  "outputs": {
    "exp1-ip": {
      "value": "159.65.193.176",
      "type": "string"
    },
    "exp2-ip": {
      "value": "164.92.150.126",
      "type": "string"
    }
  },
  "resources": [
    {
      "mode": "data",
      "type": "digitalocean_ssh_key",
      "name": "terraform",
      "provider": "provider[\"registry.terraform.io/digitalocean/digitalocean\"]",
      "instances": [
        {
          "schema_version": 0,
          "attributes": {
            "fingerprint": "d2:50:66:64:37:12:d1:4f:59:0e:27:c8:e0:08:68:f9",
            "id": 33216822,
            "name": "main",
            "public_key": "ssh-ed25519 AAAAC3NzaC1lZDI1NTE5AAAAIJfctNuZ3YMsCwEFLnK1Sgx4VLEceVUHDI+EtJ8sOq+5 ssh_main"
          },
          "sensitive_attributes": []
        }
      ]
    },
    {
      "mode": "managed",
      "type": "digitalocean_droplet",
      "name": "exp1",
      "provider": "provider[\"registry.terraform.io/digitalocean/digitalocean\"]",
      "instances": [
        {
          "schema_version": 1,
          "attributes": {
            "backups": false,
            "created_at": "2022-03-14T21:48:44Z",
            "disk": 25,
            "droplet_agent": null,
            "graceful_shutdown": false,
            "id": "290678838",
            "image": "debian-11-x64",
            "ipv4_address": "159.65.193.176",
            "ipv4_address_private": "10.110.0.2",
            "ipv6": false,
            "ipv6_address": "",
            "locked": false,
            "memory": 1024,
            "monitoring": true,
            "name": "exp1",
            "price_hourly": 0.00744,
            "price_monthly": 5,
            "private_networking": true,
            "region": "ams3",
            "resize_disk": true,
            "size": "s-1vcpu-1gb",
            "ssh_keys": [
              "33216822"
            ],
            "status": "active",
            "tags": [
              "ansible",
              "terraform"
            ],
            "urn": "do:droplet:290678838",
            "user_data": null,
            "vcpus": 1,
            "volume_ids": [],
            "vpc_uuid": "b64932aa-de28-4f52-a1b1-54d7b74b767c"
          },
          "sensitive_attributes": [],
          "private": "eyJzY2hlbWFfdmVyc2lvbiI6IjEifQ==",
          "dependencies": [
            "data.digitalocean_ssh_key.terraform"
          ]
        }
      ]
    },
    {
      "mode": "managed",
      "type": "digitalocean_droplet",
      "name": "exp2",
      "provider": "provider[\"registry.terraform.io/digitalocean/digitalocean\"]",
      "instances": [
        {
          "schema_version": 1,
          "attributes": {
            "backups": false,
            "created_at": "2022-03-14T21:48:44Z",
            "disk": 25,
            "droplet_agent": null,
            "graceful_shutdown": false,
            "id": "290678839",
            "image": "debian-11-x64",
            "ipv4_address": "164.92.150.126",
            "ipv4_address_private": "10.110.0.4",
            "ipv6": false,
            "ipv6_address": "",
            "locked": false,
            "memory": 1024,
            "monitoring": true,
            "name": "exp2",
            "price_hourly": 0.00744,
            "price_monthly": 5,
            "private_networking": true,
            "region": "ams3",
            "resize_disk": true,
            "size": "s-1vcpu-1gb",
            "ssh_keys": [
              "33216822"
            ],
            "status": "active",
            "tags": [
              "ansible",
              "terraform"
            ],
            "urn": "do:droplet:290678839",
            "user_data": null,
            "vcpus": 1,
            "volume_ids": [],
            "vpc_uuid": "b64932aa-de28-4f52-a1b1-54d7b74b767c"
          },
          "sensitive_attributes": [],
          "private": "eyJzY2hlbWFfdmVyc2lvbiI6IjEifQ==",
          "dependencies": [
            "data.digitalocean_ssh_key.terraform"
          ]
        }
      ]
    }
  ]
}
